{
  "originHash" : "ef00e3d8fbb2d30a5feeffd901afe269da81ef29cbd621b41e76ca47bb5e65af",
  "pins" : [
    {
      "identity" : "mpvkit",
      "kind" : "remoteSourceControl",
      "location" : "https://github.com/mpvkit/MPVKit.git",
      "state" : {
        "revision" : "613c0ccc3acf70e136aaff880a9b5fe8fdfaf5b8",
        "version" : "0.41.0"
      }
    }
  ],
  "version" : 3
}
